<Solution>
  <Project Path="../Exercicios 02/Exercicios 02.csproj" />
  <Project Path="../Exercícios 03/Exercícios 03.csproj" Id="dc2cc12c-b6b7-45d5-8f98-c989f196905e" />
  <Project Path="../Exercícios 04/Exercícios 04.csproj" Id="8a65b60e-b508-4cd3-9f43-fed6f2bfc972" />
  <Project Path="Exercicios 01.csproj" />
</Solution>
